
Microsoft Visual Studio Solution File, Format Version 12.00
# Visual Studio 14
VisualStudioVersion = 14.0.25420.1
MinimumVisualStudioVersion = 10.0.40219.1
Project("{2150E333-8FDC-42A3-9474-1A3956D46DE8}") = "src", "src", "{5E6AD965-3922-494B-8811-E338422090DE}"
EndProject
Project("{2150E333-8FDC-42A3-9474-1A3956D46DE8}") = "Solution Items", "Solution Items", "{5BD6E9FC-F1F0-4C8B-A83E-4AA8FB10E45C}"
	ProjectSection(SolutionItems) = preProject
		global.json = global.json
		GlobalAssemblyInfo.cs = GlobalAssemblyInfo.cs
	EndProjectSection
EndProject
Project("{8BB2217D-0F2D-49D1-97BC-3654ED321F3B}") = "homeControl.Core", "src\homeControl.Core\homeControl.Core.xproj", "{078591FC-60A6-45D0-854F-AA5F077D72C5}"
EndProject
Project("{2150E333-8FDC-42A3-9474-1A3956D46DE8}") = "Tests", "Tests", "{4E5A487F-908F-4B60-8F95-B0FDA4E701CB}"
EndProject
Project("{8BB2217D-0F2D-49D1-97BC-3654ED321F3B}") = "homeControl.Core.Tests", "src\homeControl.Core.Tests\homeControl.Core.Tests.xproj", "{B41E2249-AB3F-4255-9B50-77132FA939E6}"
EndProject
Project("{8BB2217D-0F2D-49D1-97BC-3654ED321F3B}") = "HidLibrary.NetCore", "src\HidLibrary.NetCore\HidLibrary.NetCore.xproj", "{32D74498-C081-4074-8C19-CD0BEF4049C8}"
EndProject
Project("{2150E333-8FDC-42A3-9474-1A3956D46DE8}") = "ThirdPartyLibraries", "ThirdPartyLibraries", "{8EDE3D21-5976-4DE7-AA94-07EE410AEB08}"
EndProject
Project("{8BB2217D-0F2D-49D1-97BC-3654ED321F3B}") = "ThinkingHome.NooLite.NetCore", "src\ThinkingHome.NooLite.NetCore\ThinkingHome.NooLite.NetCore.xproj", "{EFA03B8C-F9E1-4E65-B823-5682D0F63B8B}"
EndProject
Project("{8BB2217D-0F2D-49D1-97BC-3654ED321F3B}") = "homeControl.Noolite", "src\homeControl.Noolite\homeControl.Noolite.xproj", "{10840783-9AFF-4C4A-9365-8B7B38135DFD}"
EndProject
Project("{8BB2217D-0F2D-49D1-97BC-3654ED321F3B}") = "homeControl.Noolite.Tests", "src\homeControl.Noolite.Tests\homeControl.Noolite.Tests.xproj", "{52F1EFC5-B6AD-49B1-8F08-F13427113783}"
EndProject
Project("{8BB2217D-0F2D-49D1-97BC-3654ED321F3B}") = "homeControl.Peripherals", "src\homeControl.Peripherals\homeControl.Peripherals.xproj", "{59B1E6DD-B2FA-41A8-9908-1220D9FC3789}"
EndProject
Project("{8BB2217D-0F2D-49D1-97BC-3654ED321F3B}") = "homeControl.Events", "src\homeControl.Events\homeControl.Events.xproj", "{CCB3217C-8F57-4EBB-859E-6BC08800DF16}"
EndProject
Project("{8BB2217D-0F2D-49D1-97BC-3654ED321F3B}") = "homeControl.Events.Tests", "src\homeControl.Events.Tests\homeControl.Events.Tests.xproj", "{973504FC-4BF5-4EFF-AB12-26AEDF635161}"
EndProject
Project("{8BB2217D-0F2D-49D1-97BC-3654ED321F3B}") = "homeControl.Configuration", "src\homeControl.Configuration\homeControl.Configuration.xproj", "{63F17DB5-E64A-4ECC-BB00-87826E9D5A34}"
EndProject
Project("{8BB2217D-0F2D-49D1-97BC-3654ED321F3B}") = "homeControl.Guard", "src\homeControl.Guard\homeControl.Guard.xproj", "{B824949D-5297-4CCF-8852-144B498D8643}"
EndProject
Project("{8BB2217D-0F2D-49D1-97BC-3654ED321F3B}") = "homeControl.Experiments", "src\homeControl.Experiments\homeControl.Experiments.xproj", "{727F9156-ADE4-4525-B07E-FE4A9680F768}"
EndProject
Project("{8BB2217D-0F2D-49D1-97BC-3654ED321F3B}") = "homeControl.Application", "src\homeControl.Application\homeControl.Application.xproj", "{FA6442D6-7107-4189-8843-CA20D713F9F6}"
EndProject
Project("{8BB2217D-0F2D-49D1-97BC-3654ED321F3B}") = "homeControl.Pepipherals.Tests", "src\homeControl.Pepipherals.Tests\homeControl.Pepipherals.Tests.xproj", "{CA66C50F-1740-41E6-B1AB-0A038C32CF11}"
EndProject
Global
	GlobalSection(SolutionConfigurationPlatforms) = preSolution
		Debug|Any CPU = Debug|Any CPU
		Release|Any CPU = Release|Any CPU
	EndGlobalSection
	GlobalSection(ProjectConfigurationPlatforms) = postSolution
		{078591FC-60A6-45D0-854F-AA5F077D72C5}.Debug|Any CPU.ActiveCfg = Debug|Any CPU
		{078591FC-60A6-45D0-854F-AA5F077D72C5}.Debug|Any CPU.Build.0 = Debug|Any CPU
		{078591FC-60A6-45D0-854F-AA5F077D72C5}.Release|Any CPU.ActiveCfg = Release|Any CPU
		{078591FC-60A6-45D0-854F-AA5F077D72C5}.Release|Any CPU.Build.0 = Release|Any CPU
		{B41E2249-AB3F-4255-9B50-77132FA939E6}.Debug|Any CPU.ActiveCfg = Debug|Any CPU
		{B41E2249-AB3F-4255-9B50-77132FA939E6}.Debug|Any CPU.Build.0 = Debug|Any CPU
		{B41E2249-AB3F-4255-9B50-77132FA939E6}.Release|Any CPU.ActiveCfg = Release|Any CPU
		{B41E2249-AB3F-4255-9B50-77132FA939E6}.Release|Any CPU.Build.0 = Release|Any CPU
		{32D74498-C081-4074-8C19-CD0BEF4049C8}.Debug|Any CPU.ActiveCfg = Debug|Any CPU
		{32D74498-C081-4074-8C19-CD0BEF4049C8}.Debug|Any CPU.Build.0 = Debug|Any CPU
		{32D74498-C081-4074-8C19-CD0BEF4049C8}.Release|Any CPU.ActiveCfg = Release|Any CPU
		{32D74498-C081-4074-8C19-CD0BEF4049C8}.Release|Any CPU.Build.0 = Release|Any CPU
		{EFA03B8C-F9E1-4E65-B823-5682D0F63B8B}.Debug|Any CPU.ActiveCfg = Debug|Any CPU
		{EFA03B8C-F9E1-4E65-B823-5682D0F63B8B}.Debug|Any CPU.Build.0 = Debug|Any CPU
		{EFA03B8C-F9E1-4E65-B823-5682D0F63B8B}.Release|Any CPU.ActiveCfg = Release|Any CPU
		{EFA03B8C-F9E1-4E65-B823-5682D0F63B8B}.Release|Any CPU.Build.0 = Release|Any CPU
		{10840783-9AFF-4C4A-9365-8B7B38135DFD}.Debug|Any CPU.ActiveCfg = Debug|Any CPU
		{10840783-9AFF-4C4A-9365-8B7B38135DFD}.Debug|Any CPU.Build.0 = Debug|Any CPU
		{10840783-9AFF-4C4A-9365-8B7B38135DFD}.Release|Any CPU.ActiveCfg = Release|Any CPU
		{10840783-9AFF-4C4A-9365-8B7B38135DFD}.Release|Any CPU.Build.0 = Release|Any CPU
		{52F1EFC5-B6AD-49B1-8F08-F13427113783}.Debug|Any CPU.ActiveCfg = Debug|Any CPU
		{52F1EFC5-B6AD-49B1-8F08-F13427113783}.Debug|Any CPU.Build.0 = Debug|Any CPU
		{52F1EFC5-B6AD-49B1-8F08-F13427113783}.Release|Any CPU.ActiveCfg = Release|Any CPU
		{52F1EFC5-B6AD-49B1-8F08-F13427113783}.Release|Any CPU.Build.0 = Release|Any CPU
		{59B1E6DD-B2FA-41A8-9908-1220D9FC3789}.Debug|Any CPU.ActiveCfg = Debug|Any CPU
		{59B1E6DD-B2FA-41A8-9908-1220D9FC3789}.Debug|Any CPU.Build.0 = Debug|Any CPU
		{59B1E6DD-B2FA-41A8-9908-1220D9FC3789}.Release|Any CPU.ActiveCfg = Release|Any CPU
		{59B1E6DD-B2FA-41A8-9908-1220D9FC3789}.Release|Any CPU.Build.0 = Release|Any CPU
		{CCB3217C-8F57-4EBB-859E-6BC08800DF16}.Debug|Any CPU.ActiveCfg = Debug|Any CPU
		{CCB3217C-8F57-4EBB-859E-6BC08800DF16}.Debug|Any CPU.Build.0 = Debug|Any CPU
		{CCB3217C-8F57-4EBB-859E-6BC08800DF16}.Release|Any CPU.ActiveCfg = Release|Any CPU
		{CCB3217C-8F57-4EBB-859E-6BC08800DF16}.Release|Any CPU.Build.0 = Release|Any CPU
		{973504FC-4BF5-4EFF-AB12-26AEDF635161}.Debug|Any CPU.ActiveCfg = Debug|Any CPU
		{973504FC-4BF5-4EFF-AB12-26AEDF635161}.Debug|Any CPU.Build.0 = Debug|Any CPU
		{973504FC-4BF5-4EFF-AB12-26AEDF635161}.Release|Any CPU.ActiveCfg = Release|Any CPU
		{973504FC-4BF5-4EFF-AB12-26AEDF635161}.Release|Any CPU.Build.0 = Release|Any CPU
		{63F17DB5-E64A-4ECC-BB00-87826E9D5A34}.Debug|Any CPU.ActiveCfg = Debug|Any CPU
		{63F17DB5-E64A-4ECC-BB00-87826E9D5A34}.Debug|Any CPU.Build.0 = Debug|Any CPU
		{63F17DB5-E64A-4ECC-BB00-87826E9D5A34}.Release|Any CPU.ActiveCfg = Release|Any CPU
		{63F17DB5-E64A-4ECC-BB00-87826E9D5A34}.Release|Any CPU.Build.0 = Release|Any CPU
		{B824949D-5297-4CCF-8852-144B498D8643}.Debug|Any CPU.ActiveCfg = Debug|Any CPU
		{B824949D-5297-4CCF-8852-144B498D8643}.Debug|Any CPU.Build.0 = Debug|Any CPU
		{B824949D-5297-4CCF-8852-144B498D8643}.Release|Any CPU.ActiveCfg = Release|Any CPU
		{B824949D-5297-4CCF-8852-144B498D8643}.Release|Any CPU.Build.0 = Release|Any CPU
		{727F9156-ADE4-4525-B07E-FE4A9680F768}.Debug|Any CPU.ActiveCfg = Debug|Any CPU
		{727F9156-ADE4-4525-B07E-FE4A9680F768}.Debug|Any CPU.Build.0 = Debug|Any CPU
		{727F9156-ADE4-4525-B07E-FE4A9680F768}.Release|Any CPU.ActiveCfg = Release|Any CPU
		{727F9156-ADE4-4525-B07E-FE4A9680F768}.Release|Any CPU.Build.0 = Release|Any CPU
		{FA6442D6-7107-4189-8843-CA20D713F9F6}.Debug|Any CPU.ActiveCfg = Debug|Any CPU
		{FA6442D6-7107-4189-8843-CA20D713F9F6}.Debug|Any CPU.Build.0 = Debug|Any CPU
		{FA6442D6-7107-4189-8843-CA20D713F9F6}.Release|Any CPU.ActiveCfg = Release|Any CPU
		{FA6442D6-7107-4189-8843-CA20D713F9F6}.Release|Any CPU.Build.0 = Release|Any CPU
		{CA66C50F-1740-41E6-B1AB-0A038C32CF11}.Debug|Any CPU.ActiveCfg = Debug|Any CPU
		{CA66C50F-1740-41E6-B1AB-0A038C32CF11}.Debug|Any CPU.Build.0 = Debug|Any CPU
		{CA66C50F-1740-41E6-B1AB-0A038C32CF11}.Release|Any CPU.ActiveCfg = Release|Any CPU
		{CA66C50F-1740-41E6-B1AB-0A038C32CF11}.Release|Any CPU.Build.0 = Release|Any CPU
	EndGlobalSection
	GlobalSection(SolutionProperties) = preSolution
		HideSolutionNode = FALSE
	EndGlobalSection
	GlobalSection(NestedProjects) = preSolution
		{078591FC-60A6-45D0-854F-AA5F077D72C5} = {5E6AD965-3922-494B-8811-E338422090DE}
		{4E5A487F-908F-4B60-8F95-B0FDA4E701CB} = {5E6AD965-3922-494B-8811-E338422090DE}
		{B41E2249-AB3F-4255-9B50-77132FA939E6} = {4E5A487F-908F-4B60-8F95-B0FDA4E701CB}
		{32D74498-C081-4074-8C19-CD0BEF4049C8} = {8EDE3D21-5976-4DE7-AA94-07EE410AEB08}
		{8EDE3D21-5976-4DE7-AA94-07EE410AEB08} = {5E6AD965-3922-494B-8811-E338422090DE}
		{EFA03B8C-F9E1-4E65-B823-5682D0F63B8B} = {8EDE3D21-5976-4DE7-AA94-07EE410AEB08}
		{10840783-9AFF-4C4A-9365-8B7B38135DFD} = {5E6AD965-3922-494B-8811-E338422090DE}
		{52F1EFC5-B6AD-49B1-8F08-F13427113783} = {4E5A487F-908F-4B60-8F95-B0FDA4E701CB}
		{59B1E6DD-B2FA-41A8-9908-1220D9FC3789} = {5E6AD965-3922-494B-8811-E338422090DE}
		{CCB3217C-8F57-4EBB-859E-6BC08800DF16} = {5E6AD965-3922-494B-8811-E338422090DE}
		{973504FC-4BF5-4EFF-AB12-26AEDF635161} = {4E5A487F-908F-4B60-8F95-B0FDA4E701CB}
		{63F17DB5-E64A-4ECC-BB00-87826E9D5A34} = {5E6AD965-3922-494B-8811-E338422090DE}
		{B824949D-5297-4CCF-8852-144B498D8643} = {5E6AD965-3922-494B-8811-E338422090DE}
		{727F9156-ADE4-4525-B07E-FE4A9680F768} = {4E5A487F-908F-4B60-8F95-B0FDA4E701CB}
		{FA6442D6-7107-4189-8843-CA20D713F9F6} = {5E6AD965-3922-494B-8811-E338422090DE}
		{CA66C50F-1740-41E6-B1AB-0A038C32CF11} = {4E5A487F-908F-4B60-8F95-B0FDA4E701CB}
	EndGlobalSection
EndGlobal
