
Microsoft Visual Studio Solution File, Format Version 12.00
# Visual Studio 15
VisualStudioVersion = 15.0.26730.8
MinimumVisualStudioVersion = 10.0.40219.1
Project("{2150E333-8FDC-42A3-9474-1A3956D46DE8}") = "src", "src", "{5E6AD965-3922-494B-8811-E338422090DE}"
EndProject
Project("{2150E333-8FDC-42A3-9474-1A3956D46DE8}") = "Solution Items", "Solution Items", "{5BD6E9FC-F1F0-4C8B-A83E-4AA8FB10E45C}"
	ProjectSection(SolutionItems) = preProject
		GlobalAssemblyInfo.cs = GlobalAssemblyInfo.cs
		README.md = README.md
	EndProjectSection
EndProject
Project("{2150E333-8FDC-42A3-9474-1A3956D46DE8}") = "Tests", "Tests", "{4E5A487F-908F-4B60-8F95-B0FDA4E701CB}"
EndProject
Project("{2150E333-8FDC-42A3-9474-1A3956D46DE8}") = "ThirdPartyLibraries", "ThirdPartyLibraries", "{8EDE3D21-5976-4DE7-AA94-07EE410AEB08}"
EndProject
Project("{9A19103F-16F7-4668-BE54-9A1E7A4F7556}") = "ThinkingHome.NooLite.NetCore", "src\ThinkingHome.NooLite.NetCore\ThinkingHome.NooLite.NetCore.csproj", "{EFA03B8C-F9E1-4E65-B823-5682D0F63B8B}"
EndProject
Project("{9A19103F-16F7-4668-BE54-9A1E7A4F7556}") = "homeControl.Configuration", "src\homeControl.Configuration\homeControl.Configuration.csproj", "{63F17DB5-E64A-4ECC-BB00-87826E9D5A34}"
EndProject
Project("{2150E333-8FDC-42A3-9474-1A3956D46DE8}") = "Shared", "Shared", "{FA115D62-2BFE-47C2-82B3-6CCCDA3C1EEB}"
EndProject
Project("{9A19103F-16F7-4668-BE54-9A1E7A4F7556}") = "homeControl.Guard", "src\homeControl.Guard\homeControl.Guard.csproj", "{E0504883-AC00-4227-AC94-A791B0510C23}"
EndProject
Project("{9A19103F-16F7-4668-BE54-9A1E7A4F7556}") = "homeControl.ConfigurationStore", "src\homeControl.ConfigurationStore\homeControl.ConfigurationStore.csproj", "{A00F7C02-C4B7-4EED-B2D8-234A98557B1B}"
EndProject
Project("{9A19103F-16F7-4668-BE54-9A1E7A4F7556}") = "homeControl.Interop.Rabbit", "src\homeControl.Interop.Rabbit\homeControl.Interop.Rabbit.csproj", "{1D1CDB06-6B37-4064-BAEF-44B8EF381AC3}"
EndProject
Project("{9A19103F-16F7-4668-BE54-9A1E7A4F7556}") = "homeControl.Domain", "src\homeControl.Domain\homeControl.Domain.csproj", "{84CB732D-8B31-4C68-9F8C-8513CD5C69AF}"
EndProject
Project("{9A19103F-16F7-4668-BE54-9A1E7A4F7556}") = "homeControl.ControllerService", "src\homeControl.ControllerService\homeControl.ControllerService.csproj", "{8F845CBA-96A9-455E-8014-C81197C2ACA2}"
EndProject
Project("{9A19103F-16F7-4668-BE54-9A1E7A4F7556}") = "homeControl.NooliteService", "src\homeControl.NooliteService\homeControl.NooliteService.csproj", "{2A8D9E53-D3C1-4353-82FC-57C9000C4967}"
EndProject
Project("{9A19103F-16F7-4668-BE54-9A1E7A4F7556}") = "homeControl.Tests", "src\homeControl.Tests\homeControl.Tests.csproj", "{1DF30D95-F235-4452-B404-A44465517645}"
EndProject
Project("{2150E333-8FDC-42A3-9474-1A3956D46DE8}") = "Client.PC", "Client.PC", "{CC36EE76-9C83-4F6F-94A3-DB6F7EBDB453}"
EndProject
Project("{FAE04EC0-301F-11D3-BF4B-00C04F79EFBC}") = "homeControl.Client.WPF", "src\homeControl.Client.WPF\homeControl.Client.WPF.csproj", "{C1DA3856-66CF-4111-BD32-150C72D433F3}"
EndProject
Project("{FAE04EC0-301F-11D3-BF4B-00C04F79EFBC}") = "homeControl.Entry", "src\homeControl.Entry\homeControl.Entry.csproj", "{EF57A7E7-5A16-4F58-990E-143CA243F52F}"
EndProject
Project("{2150E333-8FDC-42A3-9474-1A3956D46DE8}") = "Services", "Services", "{BF7D6E02-DEAD-4B2E-95AD-AA763100FDE8}"
EndProject
Project("{2150E333-8FDC-42A3-9474-1A3956D46DE8}") = "RabbitMq", "RabbitMq", "{023C9977-A17E-4B84-B22D-AFFC0C6D7263}"
ProjectSection(SolutionItems) = preProject
	src\rabbitmq\init.sh = src\rabbitmq\init.sh
	src\rabbitmq\docker\arm32v7\Dockerfile = src\rabbitmq\docker\arm32v7\Dockerfile
	src\rabbitmq\docker\arm64v8\Dockerfile = src\rabbitmq\docker\arm64v8\Dockerfile
	src\rabbitmq\init-management.sh = src\rabbitmq\init-management.sh
EndProjectSection
EndProject
Project("{FAE04EC0-301F-11D3-BF4B-00C04F79EFBC}") = "homeControl.NooliteF", "src\homeControl.NooliteF\homeControl.NooliteF.csproj", "{98D7D8E4-9BBA-4D57-9C7B-A7CA749AF0BD}"
EndProject
Project("{FAE04EC0-301F-11D3-BF4B-00C04F79EFBC}") = "NotifyIconWpf", "src\NotifyIconWpf\NotifyIconWpf.csproj", "{036AF9DE-BA83-4011-9346-75F26D265AB2}"
EndProject
Global
	GlobalSection(SolutionConfigurationPlatforms) = preSolution
		Debug|Any CPU = Debug|Any CPU
		Debug|ARM = Debug|ARM
		Debug|x64 = Debug|x64
		Debug|x86 = Debug|x86
		Debug-Local|Any CPU = Debug-Local|Any CPU
		Debug-Local|ARM = Debug-Local|ARM
		Debug-Local|x64 = Debug-Local|x64
		Debug-Local|x86 = Debug-Local|x86
		Debug-Remote|Any CPU = Debug-Remote|Any CPU
		Debug-Remote|ARM = Debug-Remote|ARM
		Debug-Remote|x64 = Debug-Remote|x64
		Debug-Remote|x86 = Debug-Remote|x86
		Release|Any CPU = Release|Any CPU
		Release|ARM = Release|ARM
		Release|x64 = Release|x64
		Release|x86 = Release|x86
	EndGlobalSection
	GlobalSection(ProjectConfigurationPlatforms) = postSolution
		{EFA03B8C-F9E1-4E65-B823-5682D0F63B8B}.Debug|Any CPU.ActiveCfg = Debug|Any CPU
		{EFA03B8C-F9E1-4E65-B823-5682D0F63B8B}.Debug|Any CPU.Build.0 = Debug|Any CPU
		{EFA03B8C-F9E1-4E65-B823-5682D0F63B8B}.Debug|ARM.ActiveCfg = Debug|Any CPU
		{EFA03B8C-F9E1-4E65-B823-5682D0F63B8B}.Debug|ARM.Build.0 = Debug|Any CPU
		{EFA03B8C-F9E1-4E65-B823-5682D0F63B8B}.Debug|x64.ActiveCfg = Debug|Any CPU
		{EFA03B8C-F9E1-4E65-B823-5682D0F63B8B}.Debug|x64.Build.0 = Debug|Any CPU
		{EFA03B8C-F9E1-4E65-B823-5682D0F63B8B}.Debug|x86.ActiveCfg = Debug|Any CPU
		{EFA03B8C-F9E1-4E65-B823-5682D0F63B8B}.Debug|x86.Build.0 = Debug|Any CPU
		{EFA03B8C-F9E1-4E65-B823-5682D0F63B8B}.Debug-Local|Any CPU.ActiveCfg = Debug|Any CPU
		{EFA03B8C-F9E1-4E65-B823-5682D0F63B8B}.Debug-Local|Any CPU.Build.0 = Debug|Any CPU
		{EFA03B8C-F9E1-4E65-B823-5682D0F63B8B}.Debug-Local|ARM.ActiveCfg = Debug|Any CPU
		{EFA03B8C-F9E1-4E65-B823-5682D0F63B8B}.Debug-Local|ARM.Build.0 = Debug|Any CPU
		{EFA03B8C-F9E1-4E65-B823-5682D0F63B8B}.Debug-Local|x64.ActiveCfg = Debug|Any CPU
		{EFA03B8C-F9E1-4E65-B823-5682D0F63B8B}.Debug-Local|x64.Build.0 = Debug|Any CPU
		{EFA03B8C-F9E1-4E65-B823-5682D0F63B8B}.Debug-Local|x86.ActiveCfg = Debug|Any CPU
		{EFA03B8C-F9E1-4E65-B823-5682D0F63B8B}.Debug-Local|x86.Build.0 = Debug|Any CPU
		{EFA03B8C-F9E1-4E65-B823-5682D0F63B8B}.Debug-Remote|Any CPU.ActiveCfg = Debug|Any CPU
		{EFA03B8C-F9E1-4E65-B823-5682D0F63B8B}.Debug-Remote|Any CPU.Build.0 = Debug|Any CPU
		{EFA03B8C-F9E1-4E65-B823-5682D0F63B8B}.Debug-Remote|ARM.ActiveCfg = Debug|Any CPU
		{EFA03B8C-F9E1-4E65-B823-5682D0F63B8B}.Debug-Remote|ARM.Build.0 = Debug|Any CPU
		{EFA03B8C-F9E1-4E65-B823-5682D0F63B8B}.Debug-Remote|x64.ActiveCfg = Debug|Any CPU
		{EFA03B8C-F9E1-4E65-B823-5682D0F63B8B}.Debug-Remote|x64.Build.0 = Debug|Any CPU
		{EFA03B8C-F9E1-4E65-B823-5682D0F63B8B}.Debug-Remote|x86.ActiveCfg = Debug|Any CPU
		{EFA03B8C-F9E1-4E65-B823-5682D0F63B8B}.Debug-Remote|x86.Build.0 = Debug|Any CPU
		{EFA03B8C-F9E1-4E65-B823-5682D0F63B8B}.Release|Any CPU.ActiveCfg = Release|Any CPU
		{EFA03B8C-F9E1-4E65-B823-5682D0F63B8B}.Release|Any CPU.Build.0 = Release|Any CPU
		{EFA03B8C-F9E1-4E65-B823-5682D0F63B8B}.Release|ARM.ActiveCfg = Release|Any CPU
		{EFA03B8C-F9E1-4E65-B823-5682D0F63B8B}.Release|ARM.Build.0 = Release|Any CPU
		{EFA03B8C-F9E1-4E65-B823-5682D0F63B8B}.Release|x64.ActiveCfg = Release|Any CPU
		{EFA03B8C-F9E1-4E65-B823-5682D0F63B8B}.Release|x64.Build.0 = Release|Any CPU
		{EFA03B8C-F9E1-4E65-B823-5682D0F63B8B}.Release|x86.ActiveCfg = Release|Any CPU
		{EFA03B8C-F9E1-4E65-B823-5682D0F63B8B}.Release|x86.Build.0 = Release|Any CPU
		{63F17DB5-E64A-4ECC-BB00-87826E9D5A34}.Debug|Any CPU.ActiveCfg = Debug|Any CPU
		{63F17DB5-E64A-4ECC-BB00-87826E9D5A34}.Debug|Any CPU.Build.0 = Debug|Any CPU
		{63F17DB5-E64A-4ECC-BB00-87826E9D5A34}.Debug|ARM.ActiveCfg = Debug|Any CPU
		{63F17DB5-E64A-4ECC-BB00-87826E9D5A34}.Debug|ARM.Build.0 = Debug|Any CPU
		{63F17DB5-E64A-4ECC-BB00-87826E9D5A34}.Debug|x64.ActiveCfg = Debug|Any CPU
		{63F17DB5-E64A-4ECC-BB00-87826E9D5A34}.Debug|x64.Build.0 = Debug|Any CPU
		{63F17DB5-E64A-4ECC-BB00-87826E9D5A34}.Debug|x86.ActiveCfg = Debug|Any CPU
		{63F17DB5-E64A-4ECC-BB00-87826E9D5A34}.Debug|x86.Build.0 = Debug|Any CPU
		{63F17DB5-E64A-4ECC-BB00-87826E9D5A34}.Debug-Local|Any CPU.ActiveCfg = Debug|Any CPU
		{63F17DB5-E64A-4ECC-BB00-87826E9D5A34}.Debug-Local|Any CPU.Build.0 = Debug|Any CPU
		{63F17DB5-E64A-4ECC-BB00-87826E9D5A34}.Debug-Local|ARM.ActiveCfg = Debug|Any CPU
		{63F17DB5-E64A-4ECC-BB00-87826E9D5A34}.Debug-Local|ARM.Build.0 = Debug|Any CPU
		{63F17DB5-E64A-4ECC-BB00-87826E9D5A34}.Debug-Local|x64.ActiveCfg = Debug|Any CPU
		{63F17DB5-E64A-4ECC-BB00-87826E9D5A34}.Debug-Local|x64.Build.0 = Debug|Any CPU
		{63F17DB5-E64A-4ECC-BB00-87826E9D5A34}.Debug-Local|x86.ActiveCfg = Debug|Any CPU
		{63F17DB5-E64A-4ECC-BB00-87826E9D5A34}.Debug-Local|x86.Build.0 = Debug|Any CPU
		{63F17DB5-E64A-4ECC-BB00-87826E9D5A34}.Debug-Remote|Any CPU.ActiveCfg = Debug|Any CPU
		{63F17DB5-E64A-4ECC-BB00-87826E9D5A34}.Debug-Remote|Any CPU.Build.0 = Debug|Any CPU
		{63F17DB5-E64A-4ECC-BB00-87826E9D5A34}.Debug-Remote|ARM.ActiveCfg = Debug|Any CPU
		{63F17DB5-E64A-4ECC-BB00-87826E9D5A34}.Debug-Remote|ARM.Build.0 = Debug|Any CPU
		{63F17DB5-E64A-4ECC-BB00-87826E9D5A34}.Debug-Remote|x64.ActiveCfg = Debug|Any CPU
		{63F17DB5-E64A-4ECC-BB00-87826E9D5A34}.Debug-Remote|x64.Build.0 = Debug|Any CPU
		{63F17DB5-E64A-4ECC-BB00-87826E9D5A34}.Debug-Remote|x86.ActiveCfg = Debug|Any CPU
		{63F17DB5-E64A-4ECC-BB00-87826E9D5A34}.Debug-Remote|x86.Build.0 = Debug|Any CPU
		{63F17DB5-E64A-4ECC-BB00-87826E9D5A34}.Release|Any CPU.ActiveCfg = Release|Any CPU
		{63F17DB5-E64A-4ECC-BB00-87826E9D5A34}.Release|Any CPU.Build.0 = Release|Any CPU
		{63F17DB5-E64A-4ECC-BB00-87826E9D5A34}.Release|ARM.ActiveCfg = Release|Any CPU
		{63F17DB5-E64A-4ECC-BB00-87826E9D5A34}.Release|ARM.Build.0 = Release|Any CPU
		{63F17DB5-E64A-4ECC-BB00-87826E9D5A34}.Release|x64.ActiveCfg = Release|Any CPU
		{63F17DB5-E64A-4ECC-BB00-87826E9D5A34}.Release|x64.Build.0 = Release|Any CPU
		{63F17DB5-E64A-4ECC-BB00-87826E9D5A34}.Release|x86.ActiveCfg = Release|Any CPU
		{63F17DB5-E64A-4ECC-BB00-87826E9D5A34}.Release|x86.Build.0 = Release|Any CPU
		{727F9156-ADE4-4525-B07E-FE4A9680F768}.Debug|Any CPU.ActiveCfg = Debug|Any CPU
		{727F9156-ADE4-4525-B07E-FE4A9680F768}.Debug|Any CPU.Build.0 = Debug|Any CPU
		{727F9156-ADE4-4525-B07E-FE4A9680F768}.Debug|ARM.ActiveCfg = Debug|Any CPU
		{727F9156-ADE4-4525-B07E-FE4A9680F768}.Debug|ARM.Build.0 = Debug|Any CPU
		{727F9156-ADE4-4525-B07E-FE4A9680F768}.Debug|x64.ActiveCfg = Debug|Any CPU
		{727F9156-ADE4-4525-B07E-FE4A9680F768}.Debug|x64.Build.0 = Debug|Any CPU
		{727F9156-ADE4-4525-B07E-FE4A9680F768}.Debug|x86.ActiveCfg = Debug|Any CPU
		{727F9156-ADE4-4525-B07E-FE4A9680F768}.Debug|x86.Build.0 = Debug|Any CPU
		{727F9156-ADE4-4525-B07E-FE4A9680F768}.Debug-Local|Any CPU.ActiveCfg = Debug|Any CPU
		{727F9156-ADE4-4525-B07E-FE4A9680F768}.Debug-Local|Any CPU.Build.0 = Debug|Any CPU
		{727F9156-ADE4-4525-B07E-FE4A9680F768}.Debug-Local|ARM.ActiveCfg = Debug|Any CPU
		{727F9156-ADE4-4525-B07E-FE4A9680F768}.Debug-Local|ARM.Build.0 = Debug|Any CPU
		{727F9156-ADE4-4525-B07E-FE4A9680F768}.Debug-Local|x64.ActiveCfg = Debug|Any CPU
		{727F9156-ADE4-4525-B07E-FE4A9680F768}.Debug-Local|x64.Build.0 = Debug|Any CPU
		{727F9156-ADE4-4525-B07E-FE4A9680F768}.Debug-Local|x86.ActiveCfg = Debug|Any CPU
		{727F9156-ADE4-4525-B07E-FE4A9680F768}.Debug-Local|x86.Build.0 = Debug|Any CPU
		{727F9156-ADE4-4525-B07E-FE4A9680F768}.Debug-Remote|Any CPU.ActiveCfg = Debug|Any CPU
		{727F9156-ADE4-4525-B07E-FE4A9680F768}.Debug-Remote|Any CPU.Build.0 = Debug|Any CPU
		{727F9156-ADE4-4525-B07E-FE4A9680F768}.Debug-Remote|ARM.ActiveCfg = Debug|Any CPU
		{727F9156-ADE4-4525-B07E-FE4A9680F768}.Debug-Remote|ARM.Build.0 = Debug|Any CPU
		{727F9156-ADE4-4525-B07E-FE4A9680F768}.Debug-Remote|x64.ActiveCfg = Debug|Any CPU
		{727F9156-ADE4-4525-B07E-FE4A9680F768}.Debug-Remote|x64.Build.0 = Debug|Any CPU
		{727F9156-ADE4-4525-B07E-FE4A9680F768}.Debug-Remote|x86.ActiveCfg = Debug|Any CPU
		{727F9156-ADE4-4525-B07E-FE4A9680F768}.Debug-Remote|x86.Build.0 = Debug|Any CPU
		{727F9156-ADE4-4525-B07E-FE4A9680F768}.Release|Any CPU.ActiveCfg = Release|Any CPU
		{727F9156-ADE4-4525-B07E-FE4A9680F768}.Release|Any CPU.Build.0 = Release|Any CPU
		{727F9156-ADE4-4525-B07E-FE4A9680F768}.Release|ARM.ActiveCfg = Release|Any CPU
		{727F9156-ADE4-4525-B07E-FE4A9680F768}.Release|ARM.Build.0 = Release|Any CPU
		{727F9156-ADE4-4525-B07E-FE4A9680F768}.Release|x64.ActiveCfg = Release|Any CPU
		{727F9156-ADE4-4525-B07E-FE4A9680F768}.Release|x64.Build.0 = Release|Any CPU
		{727F9156-ADE4-4525-B07E-FE4A9680F768}.Release|x86.ActiveCfg = Release|Any CPU
		{727F9156-ADE4-4525-B07E-FE4A9680F768}.Release|x86.Build.0 = Release|Any CPU
		{E0504883-AC00-4227-AC94-A791B0510C23}.Debug|Any CPU.ActiveCfg = Debug|Any CPU
		{E0504883-AC00-4227-AC94-A791B0510C23}.Debug|Any CPU.Build.0 = Debug|Any CPU
		{E0504883-AC00-4227-AC94-A791B0510C23}.Debug|ARM.ActiveCfg = Debug|Any CPU
		{E0504883-AC00-4227-AC94-A791B0510C23}.Debug|ARM.Build.0 = Debug|Any CPU
		{E0504883-AC00-4227-AC94-A791B0510C23}.Debug|x64.ActiveCfg = Debug|Any CPU
		{E0504883-AC00-4227-AC94-A791B0510C23}.Debug|x64.Build.0 = Debug|Any CPU
		{E0504883-AC00-4227-AC94-A791B0510C23}.Debug|x86.ActiveCfg = Debug|Any CPU
		{E0504883-AC00-4227-AC94-A791B0510C23}.Debug|x86.Build.0 = Debug|Any CPU
		{E0504883-AC00-4227-AC94-A791B0510C23}.Debug-Local|Any CPU.ActiveCfg = Debug|Any CPU
		{E0504883-AC00-4227-AC94-A791B0510C23}.Debug-Local|Any CPU.Build.0 = Debug|Any CPU
		{E0504883-AC00-4227-AC94-A791B0510C23}.Debug-Local|ARM.ActiveCfg = Debug|Any CPU
		{E0504883-AC00-4227-AC94-A791B0510C23}.Debug-Local|ARM.Build.0 = Debug|Any CPU
		{E0504883-AC00-4227-AC94-A791B0510C23}.Debug-Local|x64.ActiveCfg = Debug|Any CPU
		{E0504883-AC00-4227-AC94-A791B0510C23}.Debug-Local|x64.Build.0 = Debug|Any CPU
		{E0504883-AC00-4227-AC94-A791B0510C23}.Debug-Local|x86.ActiveCfg = Debug|Any CPU
		{E0504883-AC00-4227-AC94-A791B0510C23}.Debug-Local|x86.Build.0 = Debug|Any CPU
		{E0504883-AC00-4227-AC94-A791B0510C23}.Debug-Remote|Any CPU.ActiveCfg = Debug|Any CPU
		{E0504883-AC00-4227-AC94-A791B0510C23}.Debug-Remote|Any CPU.Build.0 = Debug|Any CPU
		{E0504883-AC00-4227-AC94-A791B0510C23}.Debug-Remote|ARM.ActiveCfg = Debug|Any CPU
		{E0504883-AC00-4227-AC94-A791B0510C23}.Debug-Remote|ARM.Build.0 = Debug|Any CPU
		{E0504883-AC00-4227-AC94-A791B0510C23}.Debug-Remote|x64.ActiveCfg = Debug|Any CPU
		{E0504883-AC00-4227-AC94-A791B0510C23}.Debug-Remote|x64.Build.0 = Debug|Any CPU
		{E0504883-AC00-4227-AC94-A791B0510C23}.Debug-Remote|x86.ActiveCfg = Debug|Any CPU
		{E0504883-AC00-4227-AC94-A791B0510C23}.Debug-Remote|x86.Build.0 = Debug|Any CPU
		{E0504883-AC00-4227-AC94-A791B0510C23}.Release|Any CPU.ActiveCfg = Release|Any CPU
		{E0504883-AC00-4227-AC94-A791B0510C23}.Release|Any CPU.Build.0 = Release|Any CPU
		{E0504883-AC00-4227-AC94-A791B0510C23}.Release|ARM.ActiveCfg = Release|Any CPU
		{E0504883-AC00-4227-AC94-A791B0510C23}.Release|ARM.Build.0 = Release|Any CPU
		{E0504883-AC00-4227-AC94-A791B0510C23}.Release|x64.ActiveCfg = Release|Any CPU
		{E0504883-AC00-4227-AC94-A791B0510C23}.Release|x64.Build.0 = Release|Any CPU
		{E0504883-AC00-4227-AC94-A791B0510C23}.Release|x86.ActiveCfg = Release|Any CPU
		{E0504883-AC00-4227-AC94-A791B0510C23}.Release|x86.Build.0 = Release|Any CPU
		{A00F7C02-C4B7-4EED-B2D8-234A98557B1B}.Debug|Any CPU.ActiveCfg = Debug|Any CPU
		{A00F7C02-C4B7-4EED-B2D8-234A98557B1B}.Debug|Any CPU.Build.0 = Debug|Any CPU
		{A00F7C02-C4B7-4EED-B2D8-234A98557B1B}.Debug|ARM.ActiveCfg = Debug|Any CPU
		{A00F7C02-C4B7-4EED-B2D8-234A98557B1B}.Debug|ARM.Build.0 = Debug|Any CPU
		{A00F7C02-C4B7-4EED-B2D8-234A98557B1B}.Debug|x64.ActiveCfg = Debug|Any CPU
		{A00F7C02-C4B7-4EED-B2D8-234A98557B1B}.Debug|x64.Build.0 = Debug|Any CPU
		{A00F7C02-C4B7-4EED-B2D8-234A98557B1B}.Debug|x86.ActiveCfg = Debug|Any CPU
		{A00F7C02-C4B7-4EED-B2D8-234A98557B1B}.Debug|x86.Build.0 = Debug|Any CPU
		{A00F7C02-C4B7-4EED-B2D8-234A98557B1B}.Debug-Local|Any CPU.ActiveCfg = Debug|Any CPU
		{A00F7C02-C4B7-4EED-B2D8-234A98557B1B}.Debug-Local|Any CPU.Build.0 = Debug|Any CPU
		{A00F7C02-C4B7-4EED-B2D8-234A98557B1B}.Debug-Local|ARM.ActiveCfg = Debug|Any CPU
		{A00F7C02-C4B7-4EED-B2D8-234A98557B1B}.Debug-Local|ARM.Build.0 = Debug|Any CPU
		{A00F7C02-C4B7-4EED-B2D8-234A98557B1B}.Debug-Local|x64.ActiveCfg = Debug|Any CPU
		{A00F7C02-C4B7-4EED-B2D8-234A98557B1B}.Debug-Local|x64.Build.0 = Debug|Any CPU
		{A00F7C02-C4B7-4EED-B2D8-234A98557B1B}.Debug-Local|x86.ActiveCfg = Debug|Any CPU
		{A00F7C02-C4B7-4EED-B2D8-234A98557B1B}.Debug-Local|x86.Build.0 = Debug|Any CPU
		{A00F7C02-C4B7-4EED-B2D8-234A98557B1B}.Debug-Remote|Any CPU.ActiveCfg = Debug|Any CPU
		{A00F7C02-C4B7-4EED-B2D8-234A98557B1B}.Debug-Remote|Any CPU.Build.0 = Debug|Any CPU
		{A00F7C02-C4B7-4EED-B2D8-234A98557B1B}.Debug-Remote|ARM.ActiveCfg = Debug|Any CPU
		{A00F7C02-C4B7-4EED-B2D8-234A98557B1B}.Debug-Remote|ARM.Build.0 = Debug|Any CPU
		{A00F7C02-C4B7-4EED-B2D8-234A98557B1B}.Debug-Remote|x64.ActiveCfg = Debug|Any CPU
		{A00F7C02-C4B7-4EED-B2D8-234A98557B1B}.Debug-Remote|x64.Build.0 = Debug|Any CPU
		{A00F7C02-C4B7-4EED-B2D8-234A98557B1B}.Debug-Remote|x86.ActiveCfg = Debug|Any CPU
		{A00F7C02-C4B7-4EED-B2D8-234A98557B1B}.Debug-Remote|x86.Build.0 = Debug|Any CPU
		{A00F7C02-C4B7-4EED-B2D8-234A98557B1B}.Release|Any CPU.ActiveCfg = Release|Any CPU
		{A00F7C02-C4B7-4EED-B2D8-234A98557B1B}.Release|Any CPU.Build.0 = Release|Any CPU
		{A00F7C02-C4B7-4EED-B2D8-234A98557B1B}.Release|ARM.ActiveCfg = Release|Any CPU
		{A00F7C02-C4B7-4EED-B2D8-234A98557B1B}.Release|ARM.Build.0 = Release|Any CPU
		{A00F7C02-C4B7-4EED-B2D8-234A98557B1B}.Release|x64.ActiveCfg = Release|Any CPU
		{A00F7C02-C4B7-4EED-B2D8-234A98557B1B}.Release|x64.Build.0 = Release|Any CPU
		{A00F7C02-C4B7-4EED-B2D8-234A98557B1B}.Release|x86.ActiveCfg = Release|Any CPU
		{A00F7C02-C4B7-4EED-B2D8-234A98557B1B}.Release|x86.Build.0 = Release|Any CPU
		{1D1CDB06-6B37-4064-BAEF-44B8EF381AC3}.Debug|Any CPU.ActiveCfg = Debug|Any CPU
		{1D1CDB06-6B37-4064-BAEF-44B8EF381AC3}.Debug|Any CPU.Build.0 = Debug|Any CPU
		{1D1CDB06-6B37-4064-BAEF-44B8EF381AC3}.Debug|ARM.ActiveCfg = Debug|Any CPU
		{1D1CDB06-6B37-4064-BAEF-44B8EF381AC3}.Debug|ARM.Build.0 = Debug|Any CPU
		{1D1CDB06-6B37-4064-BAEF-44B8EF381AC3}.Debug|x64.ActiveCfg = Debug|Any CPU
		{1D1CDB06-6B37-4064-BAEF-44B8EF381AC3}.Debug|x64.Build.0 = Debug|Any CPU
		{1D1CDB06-6B37-4064-BAEF-44B8EF381AC3}.Debug|x86.ActiveCfg = Debug|Any CPU
		{1D1CDB06-6B37-4064-BAEF-44B8EF381AC3}.Debug|x86.Build.0 = Debug|Any CPU
		{1D1CDB06-6B37-4064-BAEF-44B8EF381AC3}.Debug-Local|Any CPU.ActiveCfg = Debug|Any CPU
		{1D1CDB06-6B37-4064-BAEF-44B8EF381AC3}.Debug-Local|Any CPU.Build.0 = Debug|Any CPU
		{1D1CDB06-6B37-4064-BAEF-44B8EF381AC3}.Debug-Local|ARM.ActiveCfg = Debug|Any CPU
		{1D1CDB06-6B37-4064-BAEF-44B8EF381AC3}.Debug-Local|ARM.Build.0 = Debug|Any CPU
		{1D1CDB06-6B37-4064-BAEF-44B8EF381AC3}.Debug-Local|x64.ActiveCfg = Debug|Any CPU
		{1D1CDB06-6B37-4064-BAEF-44B8EF381AC3}.Debug-Local|x64.Build.0 = Debug|Any CPU
		{1D1CDB06-6B37-4064-BAEF-44B8EF381AC3}.Debug-Local|x86.ActiveCfg = Debug|Any CPU
		{1D1CDB06-6B37-4064-BAEF-44B8EF381AC3}.Debug-Local|x86.Build.0 = Debug|Any CPU
		{1D1CDB06-6B37-4064-BAEF-44B8EF381AC3}.Debug-Remote|Any CPU.ActiveCfg = Debug|Any CPU
		{1D1CDB06-6B37-4064-BAEF-44B8EF381AC3}.Debug-Remote|Any CPU.Build.0 = Debug|Any CPU
		{1D1CDB06-6B37-4064-BAEF-44B8EF381AC3}.Debug-Remote|ARM.ActiveCfg = Debug|Any CPU
		{1D1CDB06-6B37-4064-BAEF-44B8EF381AC3}.Debug-Remote|ARM.Build.0 = Debug|Any CPU
		{1D1CDB06-6B37-4064-BAEF-44B8EF381AC3}.Debug-Remote|x64.ActiveCfg = Debug|Any CPU
		{1D1CDB06-6B37-4064-BAEF-44B8EF381AC3}.Debug-Remote|x64.Build.0 = Debug|Any CPU
		{1D1CDB06-6B37-4064-BAEF-44B8EF381AC3}.Debug-Remote|x86.ActiveCfg = Debug|Any CPU
		{1D1CDB06-6B37-4064-BAEF-44B8EF381AC3}.Debug-Remote|x86.Build.0 = Debug|Any CPU
		{1D1CDB06-6B37-4064-BAEF-44B8EF381AC3}.Release|Any CPU.ActiveCfg = Release|Any CPU
		{1D1CDB06-6B37-4064-BAEF-44B8EF381AC3}.Release|Any CPU.Build.0 = Release|Any CPU
		{1D1CDB06-6B37-4064-BAEF-44B8EF381AC3}.Release|ARM.ActiveCfg = Release|Any CPU
		{1D1CDB06-6B37-4064-BAEF-44B8EF381AC3}.Release|ARM.Build.0 = Release|Any CPU
		{1D1CDB06-6B37-4064-BAEF-44B8EF381AC3}.Release|x64.ActiveCfg = Release|Any CPU
		{1D1CDB06-6B37-4064-BAEF-44B8EF381AC3}.Release|x64.Build.0 = Release|Any CPU
		{1D1CDB06-6B37-4064-BAEF-44B8EF381AC3}.Release|x86.ActiveCfg = Release|Any CPU
		{1D1CDB06-6B37-4064-BAEF-44B8EF381AC3}.Release|x86.Build.0 = Release|Any CPU
		{84CB732D-8B31-4C68-9F8C-8513CD5C69AF}.Debug|Any CPU.ActiveCfg = Debug|Any CPU
		{84CB732D-8B31-4C68-9F8C-8513CD5C69AF}.Debug|Any CPU.Build.0 = Debug|Any CPU
		{84CB732D-8B31-4C68-9F8C-8513CD5C69AF}.Debug|ARM.ActiveCfg = Debug|Any CPU
		{84CB732D-8B31-4C68-9F8C-8513CD5C69AF}.Debug|ARM.Build.0 = Debug|Any CPU
		{84CB732D-8B31-4C68-9F8C-8513CD5C69AF}.Debug|x64.ActiveCfg = Debug|Any CPU
		{84CB732D-8B31-4C68-9F8C-8513CD5C69AF}.Debug|x64.Build.0 = Debug|Any CPU
		{84CB732D-8B31-4C68-9F8C-8513CD5C69AF}.Debug|x86.ActiveCfg = Debug|Any CPU
		{84CB732D-8B31-4C68-9F8C-8513CD5C69AF}.Debug|x86.Build.0 = Debug|Any CPU
		{84CB732D-8B31-4C68-9F8C-8513CD5C69AF}.Debug-Local|Any CPU.ActiveCfg = Debug|Any CPU
		{84CB732D-8B31-4C68-9F8C-8513CD5C69AF}.Debug-Local|Any CPU.Build.0 = Debug|Any CPU
		{84CB732D-8B31-4C68-9F8C-8513CD5C69AF}.Debug-Local|ARM.ActiveCfg = Debug|Any CPU
		{84CB732D-8B31-4C68-9F8C-8513CD5C69AF}.Debug-Local|ARM.Build.0 = Debug|Any CPU
		{84CB732D-8B31-4C68-9F8C-8513CD5C69AF}.Debug-Local|x64.ActiveCfg = Debug|Any CPU
		{84CB732D-8B31-4C68-9F8C-8513CD5C69AF}.Debug-Local|x64.Build.0 = Debug|Any CPU
		{84CB732D-8B31-4C68-9F8C-8513CD5C69AF}.Debug-Local|x86.ActiveCfg = Debug|Any CPU
		{84CB732D-8B31-4C68-9F8C-8513CD5C69AF}.Debug-Local|x86.Build.0 = Debug|Any CPU
		{84CB732D-8B31-4C68-9F8C-8513CD5C69AF}.Debug-Remote|Any CPU.ActiveCfg = Debug|Any CPU
		{84CB732D-8B31-4C68-9F8C-8513CD5C69AF}.Debug-Remote|Any CPU.Build.0 = Debug|Any CPU
		{84CB732D-8B31-4C68-9F8C-8513CD5C69AF}.Debug-Remote|ARM.ActiveCfg = Debug|Any CPU
		{84CB732D-8B31-4C68-9F8C-8513CD5C69AF}.Debug-Remote|ARM.Build.0 = Debug|Any CPU
		{84CB732D-8B31-4C68-9F8C-8513CD5C69AF}.Debug-Remote|x64.ActiveCfg = Debug|Any CPU
		{84CB732D-8B31-4C68-9F8C-8513CD5C69AF}.Debug-Remote|x64.Build.0 = Debug|Any CPU
		{84CB732D-8B31-4C68-9F8C-8513CD5C69AF}.Debug-Remote|x86.ActiveCfg = Debug|Any CPU
		{84CB732D-8B31-4C68-9F8C-8513CD5C69AF}.Debug-Remote|x86.Build.0 = Debug|Any CPU
		{84CB732D-8B31-4C68-9F8C-8513CD5C69AF}.Release|Any CPU.ActiveCfg = Release|Any CPU
		{84CB732D-8B31-4C68-9F8C-8513CD5C69AF}.Release|Any CPU.Build.0 = Release|Any CPU
		{84CB732D-8B31-4C68-9F8C-8513CD5C69AF}.Release|ARM.ActiveCfg = Release|Any CPU
		{84CB732D-8B31-4C68-9F8C-8513CD5C69AF}.Release|ARM.Build.0 = Release|Any CPU
		{84CB732D-8B31-4C68-9F8C-8513CD5C69AF}.Release|x64.ActiveCfg = Release|Any CPU
		{84CB732D-8B31-4C68-9F8C-8513CD5C69AF}.Release|x64.Build.0 = Release|Any CPU
		{84CB732D-8B31-4C68-9F8C-8513CD5C69AF}.Release|x86.ActiveCfg = Release|Any CPU
		{84CB732D-8B31-4C68-9F8C-8513CD5C69AF}.Release|x86.Build.0 = Release|Any CPU
		{8F845CBA-96A9-455E-8014-C81197C2ACA2}.Debug|Any CPU.ActiveCfg = Debug|Any CPU
		{8F845CBA-96A9-455E-8014-C81197C2ACA2}.Debug|Any CPU.Build.0 = Debug|Any CPU
		{8F845CBA-96A9-455E-8014-C81197C2ACA2}.Debug|ARM.ActiveCfg = Debug|Any CPU
		{8F845CBA-96A9-455E-8014-C81197C2ACA2}.Debug|ARM.Build.0 = Debug|Any CPU
		{8F845CBA-96A9-455E-8014-C81197C2ACA2}.Debug|x64.ActiveCfg = Debug|Any CPU
		{8F845CBA-96A9-455E-8014-C81197C2ACA2}.Debug|x64.Build.0 = Debug|Any CPU
		{8F845CBA-96A9-455E-8014-C81197C2ACA2}.Debug|x86.ActiveCfg = Debug|Any CPU
		{8F845CBA-96A9-455E-8014-C81197C2ACA2}.Debug|x86.Build.0 = Debug|Any CPU
		{8F845CBA-96A9-455E-8014-C81197C2ACA2}.Debug-Local|Any CPU.ActiveCfg = Debug|Any CPU
		{8F845CBA-96A9-455E-8014-C81197C2ACA2}.Debug-Local|Any CPU.Build.0 = Debug|Any CPU
		{8F845CBA-96A9-455E-8014-C81197C2ACA2}.Debug-Local|ARM.ActiveCfg = Debug|Any CPU
		{8F845CBA-96A9-455E-8014-C81197C2ACA2}.Debug-Local|ARM.Build.0 = Debug|Any CPU
		{8F845CBA-96A9-455E-8014-C81197C2ACA2}.Debug-Local|x64.ActiveCfg = Debug|Any CPU
		{8F845CBA-96A9-455E-8014-C81197C2ACA2}.Debug-Local|x64.Build.0 = Debug|Any CPU
		{8F845CBA-96A9-455E-8014-C81197C2ACA2}.Debug-Local|x86.ActiveCfg = Debug|Any CPU
		{8F845CBA-96A9-455E-8014-C81197C2ACA2}.Debug-Local|x86.Build.0 = Debug|Any CPU
		{8F845CBA-96A9-455E-8014-C81197C2ACA2}.Debug-Remote|Any CPU.ActiveCfg = Debug|Any CPU
		{8F845CBA-96A9-455E-8014-C81197C2ACA2}.Debug-Remote|Any CPU.Build.0 = Debug|Any CPU
		{8F845CBA-96A9-455E-8014-C81197C2ACA2}.Debug-Remote|ARM.ActiveCfg = Debug|Any CPU
		{8F845CBA-96A9-455E-8014-C81197C2ACA2}.Debug-Remote|ARM.Build.0 = Debug|Any CPU
		{8F845CBA-96A9-455E-8014-C81197C2ACA2}.Debug-Remote|x64.ActiveCfg = Debug|Any CPU
		{8F845CBA-96A9-455E-8014-C81197C2ACA2}.Debug-Remote|x64.Build.0 = Debug|Any CPU
		{8F845CBA-96A9-455E-8014-C81197C2ACA2}.Debug-Remote|x86.ActiveCfg = Debug|Any CPU
		{8F845CBA-96A9-455E-8014-C81197C2ACA2}.Debug-Remote|x86.Build.0 = Debug|Any CPU
		{8F845CBA-96A9-455E-8014-C81197C2ACA2}.Release|Any CPU.ActiveCfg = Release|Any CPU
		{8F845CBA-96A9-455E-8014-C81197C2ACA2}.Release|Any CPU.Build.0 = Release|Any CPU
		{8F845CBA-96A9-455E-8014-C81197C2ACA2}.Release|ARM.ActiveCfg = Release|Any CPU
		{8F845CBA-96A9-455E-8014-C81197C2ACA2}.Release|ARM.Build.0 = Release|Any CPU
		{8F845CBA-96A9-455E-8014-C81197C2ACA2}.Release|x64.ActiveCfg = Release|Any CPU
		{8F845CBA-96A9-455E-8014-C81197C2ACA2}.Release|x64.Build.0 = Release|Any CPU
		{8F845CBA-96A9-455E-8014-C81197C2ACA2}.Release|x86.ActiveCfg = Release|Any CPU
		{8F845CBA-96A9-455E-8014-C81197C2ACA2}.Release|x86.Build.0 = Release|Any CPU
		{2A8D9E53-D3C1-4353-82FC-57C9000C4967}.Debug|Any CPU.ActiveCfg = Debug|Any CPU
		{2A8D9E53-D3C1-4353-82FC-57C9000C4967}.Debug|Any CPU.Build.0 = Debug|Any CPU
		{2A8D9E53-D3C1-4353-82FC-57C9000C4967}.Debug|ARM.ActiveCfg = Debug|Any CPU
		{2A8D9E53-D3C1-4353-82FC-57C9000C4967}.Debug|ARM.Build.0 = Debug|Any CPU
		{2A8D9E53-D3C1-4353-82FC-57C9000C4967}.Debug|x64.ActiveCfg = Debug|Any CPU
		{2A8D9E53-D3C1-4353-82FC-57C9000C4967}.Debug|x64.Build.0 = Debug|Any CPU
		{2A8D9E53-D3C1-4353-82FC-57C9000C4967}.Debug|x86.ActiveCfg = Debug|Any CPU
		{2A8D9E53-D3C1-4353-82FC-57C9000C4967}.Debug|x86.Build.0 = Debug|Any CPU
		{2A8D9E53-D3C1-4353-82FC-57C9000C4967}.Debug-Local|Any CPU.ActiveCfg = Debug|Any CPU
		{2A8D9E53-D3C1-4353-82FC-57C9000C4967}.Debug-Local|Any CPU.Build.0 = Debug|Any CPU
		{2A8D9E53-D3C1-4353-82FC-57C9000C4967}.Debug-Local|ARM.ActiveCfg = Debug|Any CPU
		{2A8D9E53-D3C1-4353-82FC-57C9000C4967}.Debug-Local|ARM.Build.0 = Debug|Any CPU
		{2A8D9E53-D3C1-4353-82FC-57C9000C4967}.Debug-Local|x64.ActiveCfg = Debug|Any CPU
		{2A8D9E53-D3C1-4353-82FC-57C9000C4967}.Debug-Local|x64.Build.0 = Debug|Any CPU
		{2A8D9E53-D3C1-4353-82FC-57C9000C4967}.Debug-Local|x86.ActiveCfg = Debug|Any CPU
		{2A8D9E53-D3C1-4353-82FC-57C9000C4967}.Debug-Local|x86.Build.0 = Debug|Any CPU
		{2A8D9E53-D3C1-4353-82FC-57C9000C4967}.Debug-Remote|Any CPU.ActiveCfg = Debug|Any CPU
		{2A8D9E53-D3C1-4353-82FC-57C9000C4967}.Debug-Remote|Any CPU.Build.0 = Debug|Any CPU
		{2A8D9E53-D3C1-4353-82FC-57C9000C4967}.Debug-Remote|ARM.ActiveCfg = Debug|Any CPU
		{2A8D9E53-D3C1-4353-82FC-57C9000C4967}.Debug-Remote|ARM.Build.0 = Debug|Any CPU
		{2A8D9E53-D3C1-4353-82FC-57C9000C4967}.Debug-Remote|x64.ActiveCfg = Debug|Any CPU
		{2A8D9E53-D3C1-4353-82FC-57C9000C4967}.Debug-Remote|x64.Build.0 = Debug|Any CPU
		{2A8D9E53-D3C1-4353-82FC-57C9000C4967}.Debug-Remote|x86.ActiveCfg = Debug|Any CPU
		{2A8D9E53-D3C1-4353-82FC-57C9000C4967}.Debug-Remote|x86.Build.0 = Debug|Any CPU
		{2A8D9E53-D3C1-4353-82FC-57C9000C4967}.Release|Any CPU.ActiveCfg = Release|Any CPU
		{2A8D9E53-D3C1-4353-82FC-57C9000C4967}.Release|Any CPU.Build.0 = Release|Any CPU
		{2A8D9E53-D3C1-4353-82FC-57C9000C4967}.Release|ARM.ActiveCfg = Release|Any CPU
		{2A8D9E53-D3C1-4353-82FC-57C9000C4967}.Release|ARM.Build.0 = Release|Any CPU
		{2A8D9E53-D3C1-4353-82FC-57C9000C4967}.Release|x64.ActiveCfg = Release|Any CPU
		{2A8D9E53-D3C1-4353-82FC-57C9000C4967}.Release|x64.Build.0 = Release|Any CPU
		{2A8D9E53-D3C1-4353-82FC-57C9000C4967}.Release|x86.ActiveCfg = Release|Any CPU
		{2A8D9E53-D3C1-4353-82FC-57C9000C4967}.Release|x86.Build.0 = Release|Any CPU
		{1DF30D95-F235-4452-B404-A44465517645}.Debug|Any CPU.ActiveCfg = Debug|Any CPU
		{1DF30D95-F235-4452-B404-A44465517645}.Debug|Any CPU.Build.0 = Debug|Any CPU
		{1DF30D95-F235-4452-B404-A44465517645}.Debug|ARM.ActiveCfg = Debug|Any CPU
		{1DF30D95-F235-4452-B404-A44465517645}.Debug|ARM.Build.0 = Debug|Any CPU
		{1DF30D95-F235-4452-B404-A44465517645}.Debug|x64.ActiveCfg = Debug|Any CPU
		{1DF30D95-F235-4452-B404-A44465517645}.Debug|x64.Build.0 = Debug|Any CPU
		{1DF30D95-F235-4452-B404-A44465517645}.Debug|x86.ActiveCfg = Debug|Any CPU
		{1DF30D95-F235-4452-B404-A44465517645}.Debug|x86.Build.0 = Debug|Any CPU
		{1DF30D95-F235-4452-B404-A44465517645}.Debug-Local|Any CPU.ActiveCfg = Debug|Any CPU
		{1DF30D95-F235-4452-B404-A44465517645}.Debug-Local|Any CPU.Build.0 = Debug|Any CPU
		{1DF30D95-F235-4452-B404-A44465517645}.Debug-Local|ARM.ActiveCfg = Debug|Any CPU
		{1DF30D95-F235-4452-B404-A44465517645}.Debug-Local|ARM.Build.0 = Debug|Any CPU
		{1DF30D95-F235-4452-B404-A44465517645}.Debug-Local|x64.ActiveCfg = Debug|Any CPU
		{1DF30D95-F235-4452-B404-A44465517645}.Debug-Local|x64.Build.0 = Debug|Any CPU
		{1DF30D95-F235-4452-B404-A44465517645}.Debug-Local|x86.ActiveCfg = Debug|Any CPU
		{1DF30D95-F235-4452-B404-A44465517645}.Debug-Local|x86.Build.0 = Debug|Any CPU
		{1DF30D95-F235-4452-B404-A44465517645}.Debug-Remote|Any CPU.ActiveCfg = Debug|Any CPU
		{1DF30D95-F235-4452-B404-A44465517645}.Debug-Remote|Any CPU.Build.0 = Debug|Any CPU
		{1DF30D95-F235-4452-B404-A44465517645}.Debug-Remote|ARM.ActiveCfg = Debug|Any CPU
		{1DF30D95-F235-4452-B404-A44465517645}.Debug-Remote|ARM.Build.0 = Debug|Any CPU
		{1DF30D95-F235-4452-B404-A44465517645}.Debug-Remote|x64.ActiveCfg = Debug|Any CPU
		{1DF30D95-F235-4452-B404-A44465517645}.Debug-Remote|x64.Build.0 = Debug|Any CPU
		{1DF30D95-F235-4452-B404-A44465517645}.Debug-Remote|x86.ActiveCfg = Debug|Any CPU
		{1DF30D95-F235-4452-B404-A44465517645}.Debug-Remote|x86.Build.0 = Debug|Any CPU
		{1DF30D95-F235-4452-B404-A44465517645}.Release|Any CPU.ActiveCfg = Release|Any CPU
		{1DF30D95-F235-4452-B404-A44465517645}.Release|Any CPU.Build.0 = Release|Any CPU
		{1DF30D95-F235-4452-B404-A44465517645}.Release|ARM.ActiveCfg = Release|Any CPU
		{1DF30D95-F235-4452-B404-A44465517645}.Release|ARM.Build.0 = Release|Any CPU
		{1DF30D95-F235-4452-B404-A44465517645}.Release|x64.ActiveCfg = Release|Any CPU
		{1DF30D95-F235-4452-B404-A44465517645}.Release|x64.Build.0 = Release|Any CPU
		{1DF30D95-F235-4452-B404-A44465517645}.Release|x86.ActiveCfg = Release|Any CPU
		{1DF30D95-F235-4452-B404-A44465517645}.Release|x86.Build.0 = Release|Any CPU
		{C1DA3856-66CF-4111-BD32-150C72D433F3}.Debug|Any CPU.ActiveCfg = Debug|Any CPU
		{C1DA3856-66CF-4111-BD32-150C72D433F3}.Debug|Any CPU.Build.0 = Debug|Any CPU
		{C1DA3856-66CF-4111-BD32-150C72D433F3}.Debug|ARM.ActiveCfg = Debug|Any CPU
		{C1DA3856-66CF-4111-BD32-150C72D433F3}.Debug|ARM.Build.0 = Debug|Any CPU
		{C1DA3856-66CF-4111-BD32-150C72D433F3}.Debug|x64.ActiveCfg = Debug|Any CPU
		{C1DA3856-66CF-4111-BD32-150C72D433F3}.Debug|x64.Build.0 = Debug|Any CPU
		{C1DA3856-66CF-4111-BD32-150C72D433F3}.Debug|x86.ActiveCfg = Debug|Any CPU
		{C1DA3856-66CF-4111-BD32-150C72D433F3}.Debug|x86.Build.0 = Debug|Any CPU
		{C1DA3856-66CF-4111-BD32-150C72D433F3}.Debug-Local|Any CPU.ActiveCfg = Debug|Any CPU
		{C1DA3856-66CF-4111-BD32-150C72D433F3}.Debug-Local|Any CPU.Build.0 = Debug|Any CPU
		{C1DA3856-66CF-4111-BD32-150C72D433F3}.Debug-Local|ARM.ActiveCfg = Debug|Any CPU
		{C1DA3856-66CF-4111-BD32-150C72D433F3}.Debug-Local|ARM.Build.0 = Debug|Any CPU
		{C1DA3856-66CF-4111-BD32-150C72D433F3}.Debug-Local|x64.ActiveCfg = Debug|Any CPU
		{C1DA3856-66CF-4111-BD32-150C72D433F3}.Debug-Local|x64.Build.0 = Debug|Any CPU
		{C1DA3856-66CF-4111-BD32-150C72D433F3}.Debug-Local|x86.ActiveCfg = Debug|Any CPU
		{C1DA3856-66CF-4111-BD32-150C72D433F3}.Debug-Local|x86.Build.0 = Debug|Any CPU
		{C1DA3856-66CF-4111-BD32-150C72D433F3}.Debug-Remote|Any CPU.ActiveCfg = Debug|Any CPU
		{C1DA3856-66CF-4111-BD32-150C72D433F3}.Debug-Remote|Any CPU.Build.0 = Debug|Any CPU
		{C1DA3856-66CF-4111-BD32-150C72D433F3}.Debug-Remote|ARM.ActiveCfg = Debug|Any CPU
		{C1DA3856-66CF-4111-BD32-150C72D433F3}.Debug-Remote|ARM.Build.0 = Debug|Any CPU
		{C1DA3856-66CF-4111-BD32-150C72D433F3}.Debug-Remote|x64.ActiveCfg = Debug|Any CPU
		{C1DA3856-66CF-4111-BD32-150C72D433F3}.Debug-Remote|x64.Build.0 = Debug|Any CPU
		{C1DA3856-66CF-4111-BD32-150C72D433F3}.Debug-Remote|x86.ActiveCfg = Debug|Any CPU
		{C1DA3856-66CF-4111-BD32-150C72D433F3}.Debug-Remote|x86.Build.0 = Debug|Any CPU
		{C1DA3856-66CF-4111-BD32-150C72D433F3}.Release|Any CPU.ActiveCfg = Release|Any CPU
		{C1DA3856-66CF-4111-BD32-150C72D433F3}.Release|Any CPU.Build.0 = Release|Any CPU
		{C1DA3856-66CF-4111-BD32-150C72D433F3}.Release|ARM.ActiveCfg = Release|Any CPU
		{C1DA3856-66CF-4111-BD32-150C72D433F3}.Release|ARM.Build.0 = Release|Any CPU
		{C1DA3856-66CF-4111-BD32-150C72D433F3}.Release|x64.ActiveCfg = Release|Any CPU
		{C1DA3856-66CF-4111-BD32-150C72D433F3}.Release|x64.Build.0 = Release|Any CPU
		{C1DA3856-66CF-4111-BD32-150C72D433F3}.Release|x86.ActiveCfg = Release|Any CPU
		{C1DA3856-66CF-4111-BD32-150C72D433F3}.Release|x86.Build.0 = Release|Any CPU
		{F510CDD6-F385-4163-A065-7B114FA8569F}.Debug|Any CPU.ActiveCfg = Debug|Any CPU
		{F510CDD6-F385-4163-A065-7B114FA8569F}.Debug|Any CPU.Build.0 = Debug|Any CPU
		{F510CDD6-F385-4163-A065-7B114FA8569F}.Debug|ARM.ActiveCfg = Debug|Any CPU
		{F510CDD6-F385-4163-A065-7B114FA8569F}.Debug|ARM.Build.0 = Debug|Any CPU
		{F510CDD6-F385-4163-A065-7B114FA8569F}.Debug|x64.ActiveCfg = Debug|Any CPU
		{F510CDD6-F385-4163-A065-7B114FA8569F}.Debug|x64.Build.0 = Debug|Any CPU
		{F510CDD6-F385-4163-A065-7B114FA8569F}.Debug|x86.ActiveCfg = Debug|Any CPU
		{F510CDD6-F385-4163-A065-7B114FA8569F}.Debug|x86.Build.0 = Debug|Any CPU
		{F510CDD6-F385-4163-A065-7B114FA8569F}.Debug-Local|Any CPU.ActiveCfg = Debug|Any CPU
		{F510CDD6-F385-4163-A065-7B114FA8569F}.Debug-Local|Any CPU.Build.0 = Debug|Any CPU
		{F510CDD6-F385-4163-A065-7B114FA8569F}.Debug-Local|ARM.ActiveCfg = Debug|Any CPU
		{F510CDD6-F385-4163-A065-7B114FA8569F}.Debug-Local|ARM.Build.0 = Debug|Any CPU
		{F510CDD6-F385-4163-A065-7B114FA8569F}.Debug-Local|x64.ActiveCfg = Debug|Any CPU
		{F510CDD6-F385-4163-A065-7B114FA8569F}.Debug-Local|x64.Build.0 = Debug|Any CPU
		{F510CDD6-F385-4163-A065-7B114FA8569F}.Debug-Local|x86.ActiveCfg = Debug|Any CPU
		{F510CDD6-F385-4163-A065-7B114FA8569F}.Debug-Local|x86.Build.0 = Debug|Any CPU
		{F510CDD6-F385-4163-A065-7B114FA8569F}.Debug-Remote|Any CPU.ActiveCfg = Debug|Any CPU
		{F510CDD6-F385-4163-A065-7B114FA8569F}.Debug-Remote|Any CPU.Build.0 = Debug|Any CPU
		{F510CDD6-F385-4163-A065-7B114FA8569F}.Debug-Remote|ARM.ActiveCfg = Debug|Any CPU
		{F510CDD6-F385-4163-A065-7B114FA8569F}.Debug-Remote|ARM.Build.0 = Debug|Any CPU
		{F510CDD6-F385-4163-A065-7B114FA8569F}.Debug-Remote|x64.ActiveCfg = Debug|Any CPU
		{F510CDD6-F385-4163-A065-7B114FA8569F}.Debug-Remote|x64.Build.0 = Debug|Any CPU
		{F510CDD6-F385-4163-A065-7B114FA8569F}.Debug-Remote|x86.ActiveCfg = Debug|Any CPU
		{F510CDD6-F385-4163-A065-7B114FA8569F}.Debug-Remote|x86.Build.0 = Debug|Any CPU
		{F510CDD6-F385-4163-A065-7B114FA8569F}.Release|Any CPU.ActiveCfg = Release|Any CPU
		{F510CDD6-F385-4163-A065-7B114FA8569F}.Release|Any CPU.Build.0 = Release|Any CPU
		{F510CDD6-F385-4163-A065-7B114FA8569F}.Release|ARM.ActiveCfg = Release|Any CPU
		{F510CDD6-F385-4163-A065-7B114FA8569F}.Release|ARM.Build.0 = Release|Any CPU
		{F510CDD6-F385-4163-A065-7B114FA8569F}.Release|x64.ActiveCfg = Release|Any CPU
		{F510CDD6-F385-4163-A065-7B114FA8569F}.Release|x64.Build.0 = Release|Any CPU
		{F510CDD6-F385-4163-A065-7B114FA8569F}.Release|x86.ActiveCfg = Release|Any CPU
		{F510CDD6-F385-4163-A065-7B114FA8569F}.Release|x86.Build.0 = Release|Any CPU
		{EF57A7E7-5A16-4F58-990E-143CA243F52F}.Debug|Any CPU.ActiveCfg = Debug|Any CPU
		{EF57A7E7-5A16-4F58-990E-143CA243F52F}.Debug|Any CPU.Build.0 = Debug|Any CPU
		{EF57A7E7-5A16-4F58-990E-143CA243F52F}.Debug|ARM.ActiveCfg = Debug|Any CPU
		{EF57A7E7-5A16-4F58-990E-143CA243F52F}.Debug|ARM.Build.0 = Debug|Any CPU
		{EF57A7E7-5A16-4F58-990E-143CA243F52F}.Debug|x64.ActiveCfg = Debug|Any CPU
		{EF57A7E7-5A16-4F58-990E-143CA243F52F}.Debug|x64.Build.0 = Debug|Any CPU
		{EF57A7E7-5A16-4F58-990E-143CA243F52F}.Debug|x86.ActiveCfg = Debug|Any CPU
		{EF57A7E7-5A16-4F58-990E-143CA243F52F}.Debug|x86.Build.0 = Debug|Any CPU
		{EF57A7E7-5A16-4F58-990E-143CA243F52F}.Debug-Local|Any CPU.ActiveCfg = Debug|Any CPU
		{EF57A7E7-5A16-4F58-990E-143CA243F52F}.Debug-Local|Any CPU.Build.0 = Debug|Any CPU
		{EF57A7E7-5A16-4F58-990E-143CA243F52F}.Debug-Local|ARM.ActiveCfg = Debug|Any CPU
		{EF57A7E7-5A16-4F58-990E-143CA243F52F}.Debug-Local|ARM.Build.0 = Debug|Any CPU
		{EF57A7E7-5A16-4F58-990E-143CA243F52F}.Debug-Local|x64.ActiveCfg = Debug|Any CPU
		{EF57A7E7-5A16-4F58-990E-143CA243F52F}.Debug-Local|x64.Build.0 = Debug|Any CPU
		{EF57A7E7-5A16-4F58-990E-143CA243F52F}.Debug-Local|x86.ActiveCfg = Debug|Any CPU
		{EF57A7E7-5A16-4F58-990E-143CA243F52F}.Debug-Local|x86.Build.0 = Debug|Any CPU
		{EF57A7E7-5A16-4F58-990E-143CA243F52F}.Debug-Remote|Any CPU.ActiveCfg = Debug|Any CPU
		{EF57A7E7-5A16-4F58-990E-143CA243F52F}.Debug-Remote|Any CPU.Build.0 = Debug|Any CPU
		{EF57A7E7-5A16-4F58-990E-143CA243F52F}.Debug-Remote|ARM.ActiveCfg = Debug|Any CPU
		{EF57A7E7-5A16-4F58-990E-143CA243F52F}.Debug-Remote|ARM.Build.0 = Debug|Any CPU
		{EF57A7E7-5A16-4F58-990E-143CA243F52F}.Debug-Remote|x64.ActiveCfg = Debug|Any CPU
		{EF57A7E7-5A16-4F58-990E-143CA243F52F}.Debug-Remote|x64.Build.0 = Debug|Any CPU
		{EF57A7E7-5A16-4F58-990E-143CA243F52F}.Debug-Remote|x86.ActiveCfg = Debug|Any CPU
		{EF57A7E7-5A16-4F58-990E-143CA243F52F}.Debug-Remote|x86.Build.0 = Debug|Any CPU
		{EF57A7E7-5A16-4F58-990E-143CA243F52F}.Release|Any CPU.ActiveCfg = Release|Any CPU
		{EF57A7E7-5A16-4F58-990E-143CA243F52F}.Release|Any CPU.Build.0 = Release|Any CPU
		{EF57A7E7-5A16-4F58-990E-143CA243F52F}.Release|ARM.ActiveCfg = Release|Any CPU
		{EF57A7E7-5A16-4F58-990E-143CA243F52F}.Release|ARM.Build.0 = Release|Any CPU
		{EF57A7E7-5A16-4F58-990E-143CA243F52F}.Release|x64.ActiveCfg = Release|Any CPU
		{EF57A7E7-5A16-4F58-990E-143CA243F52F}.Release|x64.Build.0 = Release|Any CPU
		{EF57A7E7-5A16-4F58-990E-143CA243F52F}.Release|x86.ActiveCfg = Release|Any CPU
		{EF57A7E7-5A16-4F58-990E-143CA243F52F}.Release|x86.Build.0 = Release|Any CPU
		{98D7D8E4-9BBA-4D57-9C7B-A7CA749AF0BD}.Debug|Any CPU.ActiveCfg = Debug|Any CPU
		{98D7D8E4-9BBA-4D57-9C7B-A7CA749AF0BD}.Debug|Any CPU.Build.0 = Debug|Any CPU
		{98D7D8E4-9BBA-4D57-9C7B-A7CA749AF0BD}.Debug|ARM.ActiveCfg = Debug|Any CPU
		{98D7D8E4-9BBA-4D57-9C7B-A7CA749AF0BD}.Debug|ARM.Build.0 = Debug|Any CPU
		{98D7D8E4-9BBA-4D57-9C7B-A7CA749AF0BD}.Debug|x64.ActiveCfg = Debug|Any CPU
		{98D7D8E4-9BBA-4D57-9C7B-A7CA749AF0BD}.Debug|x64.Build.0 = Debug|Any CPU
		{98D7D8E4-9BBA-4D57-9C7B-A7CA749AF0BD}.Debug|x86.ActiveCfg = Debug|Any CPU
		{98D7D8E4-9BBA-4D57-9C7B-A7CA749AF0BD}.Debug|x86.Build.0 = Debug|Any CPU
		{98D7D8E4-9BBA-4D57-9C7B-A7CA749AF0BD}.Debug-Local|Any CPU.ActiveCfg = Debug|Any CPU
		{98D7D8E4-9BBA-4D57-9C7B-A7CA749AF0BD}.Debug-Local|Any CPU.Build.0 = Debug|Any CPU
		{98D7D8E4-9BBA-4D57-9C7B-A7CA749AF0BD}.Debug-Local|ARM.ActiveCfg = Debug|Any CPU
		{98D7D8E4-9BBA-4D57-9C7B-A7CA749AF0BD}.Debug-Local|ARM.Build.0 = Debug|Any CPU
		{98D7D8E4-9BBA-4D57-9C7B-A7CA749AF0BD}.Debug-Local|x64.ActiveCfg = Debug|Any CPU
		{98D7D8E4-9BBA-4D57-9C7B-A7CA749AF0BD}.Debug-Local|x64.Build.0 = Debug|Any CPU
		{98D7D8E4-9BBA-4D57-9C7B-A7CA749AF0BD}.Debug-Local|x86.ActiveCfg = Debug|Any CPU
		{98D7D8E4-9BBA-4D57-9C7B-A7CA749AF0BD}.Debug-Local|x86.Build.0 = Debug|Any CPU
		{98D7D8E4-9BBA-4D57-9C7B-A7CA749AF0BD}.Debug-Remote|Any CPU.ActiveCfg = Debug|Any CPU
		{98D7D8E4-9BBA-4D57-9C7B-A7CA749AF0BD}.Debug-Remote|Any CPU.Build.0 = Debug|Any CPU
		{98D7D8E4-9BBA-4D57-9C7B-A7CA749AF0BD}.Debug-Remote|ARM.ActiveCfg = Debug|Any CPU
		{98D7D8E4-9BBA-4D57-9C7B-A7CA749AF0BD}.Debug-Remote|ARM.Build.0 = Debug|Any CPU
		{98D7D8E4-9BBA-4D57-9C7B-A7CA749AF0BD}.Debug-Remote|x64.ActiveCfg = Debug|Any CPU
		{98D7D8E4-9BBA-4D57-9C7B-A7CA749AF0BD}.Debug-Remote|x64.Build.0 = Debug|Any CPU
		{98D7D8E4-9BBA-4D57-9C7B-A7CA749AF0BD}.Debug-Remote|x86.ActiveCfg = Debug|Any CPU
		{98D7D8E4-9BBA-4D57-9C7B-A7CA749AF0BD}.Debug-Remote|x86.Build.0 = Debug|Any CPU
		{98D7D8E4-9BBA-4D57-9C7B-A7CA749AF0BD}.Release|Any CPU.ActiveCfg = Release|Any CPU
		{98D7D8E4-9BBA-4D57-9C7B-A7CA749AF0BD}.Release|Any CPU.Build.0 = Release|Any CPU
		{98D7D8E4-9BBA-4D57-9C7B-A7CA749AF0BD}.Release|ARM.ActiveCfg = Release|Any CPU
		{98D7D8E4-9BBA-4D57-9C7B-A7CA749AF0BD}.Release|ARM.Build.0 = Release|Any CPU
		{98D7D8E4-9BBA-4D57-9C7B-A7CA749AF0BD}.Release|x64.ActiveCfg = Release|Any CPU
		{98D7D8E4-9BBA-4D57-9C7B-A7CA749AF0BD}.Release|x64.Build.0 = Release|Any CPU
		{98D7D8E4-9BBA-4D57-9C7B-A7CA749AF0BD}.Release|x86.ActiveCfg = Release|Any CPU
		{98D7D8E4-9BBA-4D57-9C7B-A7CA749AF0BD}.Release|x86.Build.0 = Release|Any CPU
		{036AF9DE-BA83-4011-9346-75F26D265AB2}.Debug|Any CPU.ActiveCfg = Debug|Any CPU
		{036AF9DE-BA83-4011-9346-75F26D265AB2}.Debug|Any CPU.Build.0 = Debug|Any CPU
		{036AF9DE-BA83-4011-9346-75F26D265AB2}.Debug|ARM.ActiveCfg = Debug|Any CPU
		{036AF9DE-BA83-4011-9346-75F26D265AB2}.Debug|ARM.Build.0 = Debug|Any CPU
		{036AF9DE-BA83-4011-9346-75F26D265AB2}.Debug|x64.ActiveCfg = Debug|Any CPU
		{036AF9DE-BA83-4011-9346-75F26D265AB2}.Debug|x64.Build.0 = Debug|Any CPU
		{036AF9DE-BA83-4011-9346-75F26D265AB2}.Debug|x86.ActiveCfg = Debug|Any CPU
		{036AF9DE-BA83-4011-9346-75F26D265AB2}.Debug|x86.Build.0 = Debug|Any CPU
		{036AF9DE-BA83-4011-9346-75F26D265AB2}.Debug-Local|Any CPU.ActiveCfg = Debug|Any CPU
		{036AF9DE-BA83-4011-9346-75F26D265AB2}.Debug-Local|Any CPU.Build.0 = Debug|Any CPU
		{036AF9DE-BA83-4011-9346-75F26D265AB2}.Debug-Local|ARM.ActiveCfg = Debug|Any CPU
		{036AF9DE-BA83-4011-9346-75F26D265AB2}.Debug-Local|ARM.Build.0 = Debug|Any CPU
		{036AF9DE-BA83-4011-9346-75F26D265AB2}.Debug-Local|x64.ActiveCfg = Debug|Any CPU
		{036AF9DE-BA83-4011-9346-75F26D265AB2}.Debug-Local|x64.Build.0 = Debug|Any CPU
		{036AF9DE-BA83-4011-9346-75F26D265AB2}.Debug-Local|x86.ActiveCfg = Debug|Any CPU
		{036AF9DE-BA83-4011-9346-75F26D265AB2}.Debug-Local|x86.Build.0 = Debug|Any CPU
		{036AF9DE-BA83-4011-9346-75F26D265AB2}.Debug-Remote|Any CPU.ActiveCfg = Debug|Any CPU
		{036AF9DE-BA83-4011-9346-75F26D265AB2}.Debug-Remote|Any CPU.Build.0 = Debug|Any CPU
		{036AF9DE-BA83-4011-9346-75F26D265AB2}.Debug-Remote|ARM.ActiveCfg = Debug|Any CPU
		{036AF9DE-BA83-4011-9346-75F26D265AB2}.Debug-Remote|ARM.Build.0 = Debug|Any CPU
		{036AF9DE-BA83-4011-9346-75F26D265AB2}.Debug-Remote|x64.ActiveCfg = Debug|Any CPU
		{036AF9DE-BA83-4011-9346-75F26D265AB2}.Debug-Remote|x64.Build.0 = Debug|Any CPU
		{036AF9DE-BA83-4011-9346-75F26D265AB2}.Debug-Remote|x86.ActiveCfg = Debug|Any CPU
		{036AF9DE-BA83-4011-9346-75F26D265AB2}.Debug-Remote|x86.Build.0 = Debug|Any CPU
		{036AF9DE-BA83-4011-9346-75F26D265AB2}.Release|Any CPU.ActiveCfg = Release|Any CPU
		{036AF9DE-BA83-4011-9346-75F26D265AB2}.Release|Any CPU.Build.0 = Release|Any CPU
		{036AF9DE-BA83-4011-9346-75F26D265AB2}.Release|ARM.ActiveCfg = Release|Any CPU
		{036AF9DE-BA83-4011-9346-75F26D265AB2}.Release|ARM.Build.0 = Release|Any CPU
		{036AF9DE-BA83-4011-9346-75F26D265AB2}.Release|x64.ActiveCfg = Release|Any CPU
		{036AF9DE-BA83-4011-9346-75F26D265AB2}.Release|x64.Build.0 = Release|Any CPU
		{036AF9DE-BA83-4011-9346-75F26D265AB2}.Release|x86.ActiveCfg = Release|Any CPU
		{036AF9DE-BA83-4011-9346-75F26D265AB2}.Release|x86.Build.0 = Release|Any CPU
	EndGlobalSection
	GlobalSection(SolutionProperties) = preSolution
		HideSolutionNode = FALSE
	EndGlobalSection
	GlobalSection(NestedProjects) = preSolution
		{4E5A487F-908F-4B60-8F95-B0FDA4E701CB} = {5E6AD965-3922-494B-8811-E338422090DE}
		{EFA03B8C-F9E1-4E65-B823-5682D0F63B8B} = {8EDE3D21-5976-4DE7-AA94-07EE410AEB08}
		{63F17DB5-E64A-4ECC-BB00-87826E9D5A34} = {FA115D62-2BFE-47C2-82B3-6CCCDA3C1EEB}
		{727F9156-ADE4-4525-B07E-FE4A9680F768} = {4E5A487F-908F-4B60-8F95-B0FDA4E701CB}
		{FA115D62-2BFE-47C2-82B3-6CCCDA3C1EEB} = {5E6AD965-3922-494B-8811-E338422090DE}
		{E0504883-AC00-4227-AC94-A791B0510C23} = {FA115D62-2BFE-47C2-82B3-6CCCDA3C1EEB}
		{1D1CDB06-6B37-4064-BAEF-44B8EF381AC3} = {FA115D62-2BFE-47C2-82B3-6CCCDA3C1EEB}
		{84CB732D-8B31-4C68-9F8C-8513CD5C69AF} = {FA115D62-2BFE-47C2-82B3-6CCCDA3C1EEB}
		{1DF30D95-F235-4452-B404-A44465517645} = {4E5A487F-908F-4B60-8F95-B0FDA4E701CB}
		{CC36EE76-9C83-4F6F-94A3-DB6F7EBDB453} = {5E6AD965-3922-494B-8811-E338422090DE}
		{C1DA3856-66CF-4111-BD32-150C72D433F3} = {CC36EE76-9C83-4F6F-94A3-DB6F7EBDB453}
		{F510CDD6-F385-4163-A065-7B114FA8569F} = {4E5A487F-908F-4B60-8F95-B0FDA4E701CB}
		{EF57A7E7-5A16-4F58-990E-143CA243F52F} = {FA115D62-2BFE-47C2-82B3-6CCCDA3C1EEB}
		{BF7D6E02-DEAD-4B2E-95AD-AA763100FDE8} = {5E6AD965-3922-494B-8811-E338422090DE}
		{2A8D9E53-D3C1-4353-82FC-57C9000C4967} = {BF7D6E02-DEAD-4B2E-95AD-AA763100FDE8}
		{8EDE3D21-5976-4DE7-AA94-07EE410AEB08} = {5E6AD965-3922-494B-8811-E338422090DE}
		{8F845CBA-96A9-455E-8014-C81197C2ACA2} = {BF7D6E02-DEAD-4B2E-95AD-AA763100FDE8}
		{A00F7C02-C4B7-4EED-B2D8-234A98557B1B} = {BF7D6E02-DEAD-4B2E-95AD-AA763100FDE8}
		{023C9977-A17E-4B84-B22D-AFFC0C6D7263} = {5E6AD965-3922-494B-8811-E338422090DE}
		{98D7D8E4-9BBA-4D57-9C7B-A7CA749AF0BD} = {BF7D6E02-DEAD-4B2E-95AD-AA763100FDE8}
		{036AF9DE-BA83-4011-9346-75F26D265AB2} = {8EDE3D21-5976-4DE7-AA94-07EE410AEB08}
	EndGlobalSection
	GlobalSection(ExtensibilityGlobals) = postSolution
		SolutionGuid = {4B3FAB0D-292B-4CBD-87E8-2931318B5298}
	EndGlobalSection
EndGlobal
